
Microsoft Visual Studio Solution File, Format Version 12.00
# Visual Studio Version 17
VisualStudioVersion = 17.8.34316.72
MinimumVisualStudioVersion = 10.0.40219.1
Project("{2150E333-8FDC-42A3-9474-1A3956D46DE8}") = "Frontend", "Frontend", "{212DF8AE-FAFB-486D-A6F6-518AB65A34B9}"
EndProject
Project("{2150E333-8FDC-42A3-9474-1A3956D46DE8}") = "Gateway", "Gateway", "{8B997F6C-3299-4120-B2B2-0FAF5BDCD65D}"
EndProject
Project("{2150E333-8FDC-42A3-9474-1A3956D46DE8}") = "Integration", "Integration", "{C069F591-ED5F-4F9D-86DF-355291FECA0F}"
EndProject
Project("{2150E333-8FDC-42A3-9474-1A3956D46DE8}") = "Services", "Services", "{504D4EF4-4215-42D3-AC15-EEA6D62152F0}"
EndProject
Project("{9A19103F-16F7-4668-BE54-9A1E7A4F7556}") = "Mango.Service.CouponAPI", "Mango.Services.CouponAPI\Mango.Service.CouponAPI.csproj", "{E41E397A-204C-4AE4-9179-D53E0C0AFFFE}"
EndProject
Project("{9A19103F-16F7-4668-BE54-9A1E7A4F7556}") = "Mango.Web", "Mango.Web\Mango.Web.csproj", "{C2C44162-2A8B-4E90-9130-EFFF653E7044}"
EndProject
Project("{9A19103F-16F7-4668-BE54-9A1E7A4F7556}") = "Mango.Service.AuthAPI", "Mango.Service.AuthAPI\Mango.Service.AuthAPI.csproj", "{0DEA5753-E490-4F61-9527-A03C724A49CF}"
	ProjectSection(ProjectDependencies) = postProject
		{0495A42C-BC5E-4631-BC06-E2040D0C3DC0} = {0495A42C-BC5E-4631-BC06-E2040D0C3DC0}
	EndProjectSection
EndProject
Project("{9A19103F-16F7-4668-BE54-9A1E7A4F7556}") = "Mango.Service.ProductAPI", "Mango.Service.Product.API\Mango.Service.ProductAPI.csproj", "{7965D551-1FE5-407A-95B6-221D513DB5C3}"
EndProject
Project("{9A19103F-16F7-4668-BE54-9A1E7A4F7556}") = "Mango.Service.CartAPI", "Mango.Service.CartAPI\Mango.Service.CartAPI.csproj", "{85DC29C9-00CE-4FDF-93E8-D28E892E6385}"
EndProject
Project("{9A19103F-16F7-4668-BE54-9A1E7A4F7556}") = "Mango.MessageBus", "Mango.MessageBus\Mango.MessageBus.csproj", "{0495A42C-BC5E-4631-BC06-E2040D0C3DC0}"
EndProject
Project("{9A19103F-16F7-4668-BE54-9A1E7A4F7556}") = "Mango.Service.EmailAPI", "Mango.Service.EmailAPI\Mango.Service.EmailAPI.csproj", "{A69B3590-1E6B-434D-A4D6-934F44CFB52A}"
EndProject
Project("{9A19103F-16F7-4668-BE54-9A1E7A4F7556}") = "Mango.Service.OrderAPI", "Mango.Service.OrderAPI\Mango.Service.OrderAPI.csproj", "{8D9821A9-B3D4-4B62-90E3-556CBC077089}"
EndProject
Project("{9A19103F-16F7-4668-BE54-9A1E7A4F7556}") = "Mango.Service.RewardAPI", "Mango.Service.RewardAPI\Mango.Service.RewardAPI.csproj", "{7830AC20-5B9F-4037-AA56-E4134E8E3996}"
EndProject
Project("{9A19103F-16F7-4668-BE54-9A1E7A4F7556}") = "Gateway", "Gateway\Gateway.csproj", "{CA5D6DD6-77FD-4552-83EE-07C9EF58D991}"
EndProject
Project("{9A19103F-16F7-4668-BE54-9A1E7A4F7556}") = "Mango.GatewaySolution", "Mango.GatewaySolution\Mango.GatewaySolution.csproj", "{87F64CFF-3125-451B-86C3-2F032D799CF1}"
EndProject
Global
	GlobalSection(SolutionConfigurationPlatforms) = preSolution
		Debug|Any CPU = Debug|Any CPU
		Release|Any CPU = Release|Any CPU
	EndGlobalSection
	GlobalSection(ProjectConfigurationPlatforms) = postSolution
		{E41E397A-204C-4AE4-9179-D53E0C0AFFFE}.Debug|Any CPU.ActiveCfg = Debug|Any CPU
		{E41E397A-204C-4AE4-9179-D53E0C0AFFFE}.Debug|Any CPU.Build.0 = Debug|Any CPU
		{E41E397A-204C-4AE4-9179-D53E0C0AFFFE}.Release|Any CPU.ActiveCfg = Release|Any CPU
		{E41E397A-204C-4AE4-9179-D53E0C0AFFFE}.Release|Any CPU.Build.0 = Release|Any CPU
		{C2C44162-2A8B-4E90-9130-EFFF653E7044}.Debug|Any CPU.ActiveCfg = Debug|Any CPU
		{C2C44162-2A8B-4E90-9130-EFFF653E7044}.Debug|Any CPU.Build.0 = Debug|Any CPU
		{C2C44162-2A8B-4E90-9130-EFFF653E7044}.Release|Any CPU.ActiveCfg = Release|Any CPU
		{C2C44162-2A8B-4E90-9130-EFFF653E7044}.Release|Any CPU.Build.0 = Release|Any CPU
		{0DEA5753-E490-4F61-9527-A03C724A49CF}.Debug|Any CPU.ActiveCfg = Debug|Any CPU
		{0DEA5753-E490-4F61-9527-A03C724A49CF}.Debug|Any CPU.Build.0 = Debug|Any CPU
		{0DEA5753-E490-4F61-9527-A03C724A49CF}.Release|Any CPU.ActiveCfg = Release|Any CPU
		{0DEA5753-E490-4F61-9527-A03C724A49CF}.Release|Any CPU.Build.0 = Release|Any CPU
		{7965D551-1FE5-407A-95B6-221D513DB5C3}.Debug|Any CPU.ActiveCfg = Debug|Any CPU
		{7965D551-1FE5-407A-95B6-221D513DB5C3}.Debug|Any CPU.Build.0 = Debug|Any CPU
		{7965D551-1FE5-407A-95B6-221D513DB5C3}.Release|Any CPU.ActiveCfg = Release|Any CPU
		{7965D551-1FE5-407A-95B6-221D513DB5C3}.Release|Any CPU.Build.0 = Release|Any CPU
		{85DC29C9-00CE-4FDF-93E8-D28E892E6385}.Debug|Any CPU.ActiveCfg = Debug|Any CPU
		{85DC29C9-00CE-4FDF-93E8-D28E892E6385}.Debug|Any CPU.Build.0 = Debug|Any CPU
		{85DC29C9-00CE-4FDF-93E8-D28E892E6385}.Release|Any CPU.ActiveCfg = Release|Any CPU
		{85DC29C9-00CE-4FDF-93E8-D28E892E6385}.Release|Any CPU.Build.0 = Release|Any CPU
		{0495A42C-BC5E-4631-BC06-E2040D0C3DC0}.Debug|Any CPU.ActiveCfg = Debug|Any CPU
		{0495A42C-BC5E-4631-BC06-E2040D0C3DC0}.Debug|Any CPU.Build.0 = Debug|Any CPU
		{0495A42C-BC5E-4631-BC06-E2040D0C3DC0}.Release|Any CPU.ActiveCfg = Release|Any CPU
		{0495A42C-BC5E-4631-BC06-E2040D0C3DC0}.Release|Any CPU.Build.0 = Release|Any CPU
		{A69B3590-1E6B-434D-A4D6-934F44CFB52A}.Debug|Any CPU.ActiveCfg = Debug|Any CPU
		{A69B3590-1E6B-434D-A4D6-934F44CFB52A}.Debug|Any CPU.Build.0 = Debug|Any CPU
		{A69B3590-1E6B-434D-A4D6-934F44CFB52A}.Release|Any CPU.ActiveCfg = Release|Any CPU
		{A69B3590-1E6B-434D-A4D6-934F44CFB52A}.Release|Any CPU.Build.0 = Release|Any CPU
		{8D9821A9-B3D4-4B62-90E3-556CBC077089}.Debug|Any CPU.ActiveCfg = Debug|Any CPU
		{8D9821A9-B3D4-4B62-90E3-556CBC077089}.Debug|Any CPU.Build.0 = Debug|Any CPU
		{8D9821A9-B3D4-4B62-90E3-556CBC077089}.Release|Any CPU.ActiveCfg = Release|Any CPU
		{8D9821A9-B3D4-4B62-90E3-556CBC077089}.Release|Any CPU.Build.0 = Release|Any CPU
		{7830AC20-5B9F-4037-AA56-E4134E8E3996}.Debug|Any CPU.ActiveCfg = Debug|Any CPU
		{7830AC20-5B9F-4037-AA56-E4134E8E3996}.Debug|Any CPU.Build.0 = Debug|Any CPU
		{7830AC20-5B9F-4037-AA56-E4134E8E3996}.Release|Any CPU.ActiveCfg = Release|Any CPU
		{7830AC20-5B9F-4037-AA56-E4134E8E3996}.Release|Any CPU.Build.0 = Release|Any CPU
		{CA5D6DD6-77FD-4552-83EE-07C9EF58D991}.Debug|Any CPU.ActiveCfg = Debug|Any CPU
		{CA5D6DD6-77FD-4552-83EE-07C9EF58D991}.Debug|Any CPU.Build.0 = Debug|Any CPU
		{CA5D6DD6-77FD-4552-83EE-07C9EF58D991}.Release|Any CPU.ActiveCfg = Release|Any CPU
		{CA5D6DD6-77FD-4552-83EE-07C9EF58D991}.Release|Any CPU.Build.0 = Release|Any CPU
		{87F64CFF-3125-451B-86C3-2F032D799CF1}.Debug|Any CPU.ActiveCfg = Debug|Any CPU
		{87F64CFF-3125-451B-86C3-2F032D799CF1}.Debug|Any CPU.Build.0 = Debug|Any CPU
		{87F64CFF-3125-451B-86C3-2F032D799CF1}.Release|Any CPU.ActiveCfg = Release|Any CPU
		{87F64CFF-3125-451B-86C3-2F032D799CF1}.Release|Any CPU.Build.0 = Release|Any CPU
	EndGlobalSection
	GlobalSection(SolutionProperties) = preSolution
		HideSolutionNode = FALSE
	EndGlobalSection
	GlobalSection(NestedProjects) = preSolution
		{E41E397A-204C-4AE4-9179-D53E0C0AFFFE} = {504D4EF4-4215-42D3-AC15-EEA6D62152F0}
		{C2C44162-2A8B-4E90-9130-EFFF653E7044} = {212DF8AE-FAFB-486D-A6F6-518AB65A34B9}
		{0DEA5753-E490-4F61-9527-A03C724A49CF} = {504D4EF4-4215-42D3-AC15-EEA6D62152F0}
		{7965D551-1FE5-407A-95B6-221D513DB5C3} = {504D4EF4-4215-42D3-AC15-EEA6D62152F0}
		{85DC29C9-00CE-4FDF-93E8-D28E892E6385} = {504D4EF4-4215-42D3-AC15-EEA6D62152F0}
		{0495A42C-BC5E-4631-BC06-E2040D0C3DC0} = {C069F591-ED5F-4F9D-86DF-355291FECA0F}
		{A69B3590-1E6B-434D-A4D6-934F44CFB52A} = {504D4EF4-4215-42D3-AC15-EEA6D62152F0}
		{8D9821A9-B3D4-4B62-90E3-556CBC077089} = {504D4EF4-4215-42D3-AC15-EEA6D62152F0}
		{7830AC20-5B9F-4037-AA56-E4134E8E3996} = {504D4EF4-4215-42D3-AC15-EEA6D62152F0}
		{CA5D6DD6-77FD-4552-83EE-07C9EF58D991} = {8B997F6C-3299-4120-B2B2-0FAF5BDCD65D}
		{87F64CFF-3125-451B-86C3-2F032D799CF1} = {8B997F6C-3299-4120-B2B2-0FAF5BDCD65D}
	EndGlobalSection
	GlobalSection(ExtensibilityGlobals) = postSolution
		SolutionGuid = {DA2F6DE1-812E-4FA0-BFF6-19CDB8BBD2C2}
	EndGlobalSection
EndGlobal
